
Microsoft Visual Studio Solution File, Format Version 12.00
# Visual Studio Version 17
VisualStudioVersion = 17.2.32630.192
MinimumVisualStudioVersion = 10.0.40219.1
Project("{FAE04EC0-301F-11D3-BF4B-00C04F79EFBC}") = "EmployeeLeaveManagement", "EmployeeLeaveManagement\EmployeeLeaveManagement.csproj", "{13F23D60-C788-40B5-A090-AD719050F1C5}"
EndProject
Global
	GlobalSection(SolutionConfigurationPlatforms) = preSolution
		Debug|Any CPU = Debug|Any CPU
		Release|Any CPU = Release|Any CPU
	EndGlobalSection
	GlobalSection(ProjectConfigurationPlatforms) = postSolution
		{13F23D60-C788-40B5-A090-AD719050F1C5}.Debug|Any CPU.ActiveCfg = Debug|Any CPU
		{13F23D60-C788-40B5-A090-AD719050F1C5}.Debug|Any CPU.Build.0 = Debug|Any CPU
		{13F23D60-C788-40B5-A090-AD719050F1C5}.Release|Any CPU.ActiveCfg = Release|Any CPU
		{13F23D60-C788-40B5-A090-AD719050F1C5}.Release|Any CPU.Build.0 = Release|Any CPU
	EndGlobalSection
	GlobalSection(SolutionProperties) = preSolution
		HideSolutionNode = FALSE
	EndGlobalSection
	GlobalSection(ExtensibilityGlobals) = postSolution
		SolutionGuid = {A77233B3-DD9C-4EE2-85A9-A91AA3EE5772}
	EndGlobalSection
EndGlobal
